
Microsoft Visual Studio Solution File, Format Version 12.00
# Visual Studio Version 17
VisualStudioVersion = 17.11.35219.272
MinimumVisualStudioVersion = 10.0.40219.1
Project("{FAE04EC0-301F-11D3-BF4B-00C04F79EFBC}") = "exam_ticket9", "exam_ticket9\exam_ticket9.csproj", "{6B4EBA98-F581-4E0D-BD52-F3889F870F1C}"
EndProject
Global
	GlobalSection(SolutionConfigurationPlatforms) = preSolution
		Debug|Any CPU = Debug|Any CPU
		Release|Any CPU = Release|Any CPU
	EndGlobalSection
	GlobalSection(ProjectConfigurationPlatforms) = postSolution
		{6B4EBA98-F581-4E0D-BD52-F3889F870F1C}.Debug|Any CPU.ActiveCfg = Debug|Any CPU
		{6B4EBA98-F581-4E0D-BD52-F3889F870F1C}.Debug|Any CPU.Build.0 = Debug|Any CPU
		{6B4EBA98-F581-4E0D-BD52-F3889F870F1C}.Release|Any CPU.ActiveCfg = Release|Any CPU
		{6B4EBA98-F581-4E0D-BD52-F3889F870F1C}.Release|Any CPU.Build.0 = Release|Any CPU
	EndGlobalSection
	GlobalSection(SolutionProperties) = preSolution
		HideSolutionNode = FALSE
	EndGlobalSection
	GlobalSection(ExtensibilityGlobals) = postSolution
		SolutionGuid = {904C4815-CDCD-49D9-9E71-8320FAFC5DFC}
	EndGlobalSection
EndGlobal
